{
    "requires": true,
    "lockfileVersion": 1,
    "dependencies": {
        "@sindresorhus/is": {
            "version": "4.2.0",
            "resolved": "https://registry.nlark.com/@sindresorhus/is/download/@sindresorhus/is-4.2.0.tgz?cache=0&other_urls=https%3A%2F%2Fregistry.nlark.com%2F%40sindresorhus%2Fis%2Fdownload%2F%40sindresorhus%2Fis-4.2.0.tgz",
            "integrity": "sha1-Znv8YYaufJ4LRaCJYMVRQ3F24co="
        },
        "@szmarczak/http-timer": {
            "version": "4.0.6",
            "resolved": "https://registry.nlark.com/@szmarczak/http-timer/download/@szmarczak/http-timer-4.0.6.tgz?cache=0&sync_timestamp=1629502165113&other_urls=https%3A%2F%2Fregistry.nlark.com%2F%40szmarczak%2Fhttp-timer%2Fdownload%2F%40szmarczak%2Fhttp-timer-4.0.6.tgz",
            "integrity": "sha1-tKkUu2LnwnLU5Zif5EQPgSqx2Ac=",
            "requires": {
                "defer-to-connect": "^2.0.0"
            }
        },
        "@types/cacheable-request": {
            "version": "6.0.2",
            "resolved": "https://registry.npmmirror.com/@types/cacheable-request/download/@types/cacheable-request-6.0.2.tgz?cache=0&sync_timestamp=1637264500656&other_urls=https%3A%2F%2Fregistry.npmmirror.com%2F%40types%2Fcacheable-request%2Fdownload%2F%40types%2Fcacheable-request-6.0.2.tgz",
            "integrity": "sha1-wyTaAZfeCpiiMSFWU2riYkKf9rk=",
            "requires": {
                "@types/http-cache-semantics": "*",
                "@types/keyv": "*",
                "@types/node": "*",
                "@types/responselike": "*"
            }
        },
        "@types/http-cache-semantics": {
            "version": "4.0.1",
            "resolved": "https://registry.npmmirror.com/@types/http-cache-semantics/download/@types/http-cache-semantics-4.0.1.tgz",
            "integrity": "sha1-Dqe2FJaQK5WJDcTDoRa2DLja6BI="
        },
        "@types/keyv": {
            "version": "3.1.3",
            "resolved": "https://registry.npmmirror.com/@types/keyv/download/@types/keyv-3.1.3.tgz?cache=0&sync_timestamp=1637267163082&other_urls=https%3A%2F%2Fregistry.npmmirror.com%2F%40types%2Fkeyv%2Fdownload%2F%40types%2Fkeyv-3.1.3.tgz",
            "integrity": "sha1-HJquMocuwfINza7omp87qI9GXkE=",
            "requires": {
                "@types/node": "*"
            }
        },
        "@types/node": {
            "version": "17.0.5",
            "resolved": "https://registry.npmmirror.com/@types/node/download/@types/node-17.0.5.tgz",
            "integrity": "sha512-w3mrvNXLeDYV1GKTZorGJQivK6XLCoGwpnyJFbJVK/aTBQUxOCaa/GlFAAN3OTDFcb7h5tiFG+YXCO2By+riZw=="
        },
        "@types/responselike": {
            "version": "1.0.0",
            "resolved": "https://registry.npmmirror.com/@types/responselike/download/@types/responselike-1.0.0.tgz?cache=0&sync_timestamp=1637269963790&other_urls=https%3A%2F%2Fregistry.npmmirror.com%2F%40types%2Fresponselike%2Fdownload%2F%40types%2Fresponselike-1.0.0.tgz",
            "integrity": "sha1-JR9P59FU0rrRJavhtCmyOv0mLik=",
            "requires": {
                "@types/node": "*"
            }
        },
        "cacheable-lookup": {
            "version": "5.0.4",
            "resolved": "https://registry.npmmirror.com/cacheable-lookup/download/cacheable-lookup-5.0.4.tgz",
            "integrity": "sha1-WmuGWyxENXvj1evCpGewMnGacAU="
        },
        "cacheable-request": {
            "version": "7.0.2",
            "resolved": "https://registry.npmmirror.com/cacheable-request/download/cacheable-request-7.0.2.tgz",
            "integrity": "sha1-6g0LiJNkolhUdXMByhKy2nf5HSc=",
            "requires": {
                "clone-response": "^1.0.2",
                "get-stream": "^5.1.0",
                "http-cache-semantics": "^4.0.0",
                "keyv": "^4.0.0",
                "lowercase-keys": "^2.0.0",
                "normalize-url": "^6.0.1",
                "responselike": "^2.0.0"
            }
        },
        "call-bind": {
            "version": "1.0.2",
            "resolved": "https://registry.nlark.com/call-bind/download/call-bind-1.0.2.tgz",
            "integrity": "sha1-sdTonmiBGcPJqQOtMKuy9qkZvjw=",
            "requires": {
                "function-bind": "^1.1.1",
                "get-intrinsic": "^1.0.2"
            }
        },
        "clone-response": {
            "version": "1.0.2",
            "resolved": "https://registry.npmmirror.com/clone-response/download/clone-response-1.0.2.tgz",
            "integrity": "sha1-0dyXOSAxTfZ/vrlCI7TuNQI56Ws=",
            "requires": {
                "mimic-response": "^1.0.0"
            }
        },
        "cron-parser": {
            "version": "3.5.0",
            "resolved": "https://registry.npmmirror.com/cron-parser/download/cron-parser-3.5.0.tgz",
            "integrity": "sha1-sanalRTAMQqn75nC8/HQ+MI1JXw=",
            "requires": {
                "is-nan": "^1.3.2",
                "luxon": "^1.26.0"
            }
        },
        "decompress-response": {
            "version": "6.0.0",
            "resolved": "https://registry.npmmirror.com/decompress-response/download/decompress-response-6.0.0.tgz",
            "integrity": "sha1-yjh2Et234QS9FthaqwDV7PCcZvw=",
            "requires": {
                "mimic-response": "^3.1.0"
            },
            "dependencies": {
                "mimic-response": {
                    "version": "3.1.0",
                    "resolved": "https://registry.nlark.com/mimic-response/download/mimic-response-3.1.0.tgz?cache=0&sync_timestamp=1628692524926&other_urls=https%3A%2F%2Fregistry.nlark.com%2Fmimic-response%2Fdownload%2Fmimic-response-3.1.0.tgz",
                    "integrity": "sha1-LR1Zr5wbEpgVrMwsRqAipc4fo8k="
                }
            }
        },
        "defer-to-connect": {
            "version": "2.0.1",
            "resolved": "https://registry.nlark.com/defer-to-connect/download/defer-to-connect-2.0.1.tgz",
            "integrity": "sha1-gBa9tBQ+RjK3ejRJxiNid95SBYc="
        },
        "define-properties": {
            "version": "1.1.3",
            "resolved": "https://registry.nlark.com/define-properties/download/define-properties-1.1.3.tgz?cache=0&sync_timestamp=1618847174317&other_urls=https%3A%2F%2Fregistry.nlark.com%2Fdefine-properties%2Fdownload%2Fdefine-properties-1.1.3.tgz",
            "integrity": "sha1-z4jabL7ib+bbcJT2HYcMvYTO6fE=",
            "requires": {
                "object-keys": "^1.0.12"
            }
        },
        "end-of-stream": {
            "version": "1.4.4",
            "resolved": "https://registry.npm.taobao.org/end-of-stream/download/end-of-stream-1.4.4.tgz",
            "integrity": "sha1-WuZKX0UFe682JuwU2gyl5LJDHrA=",
            "requires": {
                "once": "^1.4.0"
            }
        },
        "function-bind": {
            "version": "1.1.1",
            "resolved": "https://registry.npm.taobao.org/function-bind/download/function-bind-1.1.1.tgz",
            "integrity": "sha1-pWiZ0+o8m6uHS7l3O3xe3pL0iV0="
        },
        "get-intrinsic": {
            "version": "1.1.1",
            "resolved": "https://registry.nlark.com/get-intrinsic/download/get-intrinsic-1.1.1.tgz",
            "integrity": "sha1-FfWfN2+FXERpY5SPDSTNNje0q8Y=",
            "requires": {
                "function-bind": "^1.1.1",
                "has": "^1.0.3",
                "has-symbols": "^1.0.1"
            }
        },
        "get-stream": {
            "version": "5.2.0",
            "resolved": "https://registry.npm.taobao.org/get-stream/download/get-stream-5.2.0.tgz",
            "integrity": "sha1-SWaheV7lrOZecGxLe+txJX1uItM=",
            "requires": {
                "pump": "^3.0.0"
            }
        },
        "got": {
            "version": "11.8.3",
            "resolved": "https://registry.npmmirror.com/got/download/got-11.8.3.tgz",
            "integrity": "sha512-7gtQ5KiPh1RtGS9/Jbv1ofDpBFuq42gyfEib+ejaRBJuj/3tQFeR5+gw57e4ipaU8c/rCjvX6fkQz2lyDlGAOg==",
            "requires": {
                "@sindresorhus/is": "^4.0.0",
                "@szmarczak/http-timer": "^4.0.5",
                "@types/cacheable-request": "^6.0.1",
                "@types/responselike": "^1.0.0",
                "cacheable-lookup": "^5.0.3",
                "cacheable-request": "^7.0.2",
                "decompress-response": "^6.0.0",
                "http2-wrapper": "^1.0.0-beta.5.2",
                "lowercase-keys": "^2.0.0",
                "p-cancelable": "^2.0.0",
                "responselike": "^2.0.0"
            }
        },
        "has": {
            "version": "1.0.3",
            "resolved": "https://registry.npm.taobao.org/has/download/has-1.0.3.tgz",
            "integrity": "sha1-ci18v8H2qoJB8W3YFOAR4fQeh5Y=",
            "requires": {
                "function-bind": "^1.1.1"
            }
        },
        "has-symbols": {
            "version": "1.0.2",
            "resolved": "https://registry.nlark.com/has-symbols/download/has-symbols-1.0.2.tgz",
            "integrity": "sha1-Fl0wcMADCXUqEjakeTMeOsVvFCM="
        },
        "http-cache-semantics": {
            "version": "4.1.0",
            "resolved": "https://registry.npm.taobao.org/http-cache-semantics/download/http-cache-semantics-4.1.0.tgz",
            "integrity": "sha1-SekcXL82yblLz81xwj1SSex045A="
        },
        "http2-wrapper": {
            "version": "1.0.3",
            "resolved": "https://registry.npmmirror.com/http2-wrapper/download/http2-wrapper-1.0.3.tgz",
            "integrity": "sha1-uPVeDB8l1OvQizsMLAeflZCACz0=",
            "requires": {
                "quick-lru": "^5.1.1",
                "resolve-alpn": "^1.0.0"
            }
        },
        "is-nan": {
            "version": "1.3.2",
            "resolved": "https://registry.npm.taobao.org/is-nan/download/is-nan-1.3.2.tgz",
            "integrity": "sha1-BDpUreoxdItVts1OCara+mm9nh0=",
            "requires": {
                "call-bind": "^1.0.0",
                "define-properties": "^1.1.3"
            }
        },
        "json-buffer": {
            "version": "3.0.1",
            "resolved": "https://registry.nlark.com/json-buffer/download/json-buffer-3.0.1.tgz",
            "integrity": "sha1-kziAKjDTtmBfvgYT4JQAjKjAWhM="
        },
        "keyv": {
            "version": "4.0.4",
            "resolved": "https://registry.npmmirror.com/keyv/download/keyv-4.0.4.tgz?cache=0&sync_timestamp=1635869183541&other_urls=https%3A%2F%2Fregistry.npmmirror.com%2Fkeyv%2Fdownload%2Fkeyv-4.0.4.tgz",
            "integrity": "sha1-8ECyNuorBu0V7Yb774QH4aHI43Y=",
            "requires": {
                "json-buffer": "3.0.1"
            }
        },
        "long-timeout": {
            "version": "0.1.1",
            "resolved": "https://registry.npm.taobao.org/long-timeout/download/long-timeout-0.1.1.tgz",
            "integrity": "sha1-lyHXiLR+C8taJMLivuGg2lXatRQ="
        },
        "lowercase-keys": {
            "version": "2.0.0",
            "resolved": "https://registry.npmmirror.com/lowercase-keys/download/lowercase-keys-2.0.0.tgz?cache=0&sync_timestamp=1634551715073&other_urls=https%3A%2F%2Fregistry.npmmirror.com%2Flowercase-keys%2Fdownload%2Flowercase-keys-2.0.0.tgz",
            "integrity": "sha1-JgPni3tLAAbLyi+8yKMgJVislHk="
        },
        "luxon": {
            "version": "1.28.0",
            "resolved": "https://registry.npmmirror.com/luxon/download/luxon-1.28.0.tgz",
            "integrity": "sha1-5/ltqtOTjAamLeD7AnEV0lElH78="
        },
        "mimic-response": {
            "version": "1.0.1",
            "resolved": "https://registry.nlark.com/mimic-response/download/mimic-response-1.0.1.tgz?cache=0&sync_timestamp=1628692524926&other_urls=https%3A%2F%2Fregistry.nlark.com%2Fmimic-response%2Fdownload%2Fmimic-response-1.0.1.tgz",
            "integrity": "sha1-SSNTiHju9CBjy4o+OweYeBSHqxs="
        },
        "moment": {
            "version": "2.29.1",
            "resolved": "https://registry.npmmirror.com/moment/download/moment-2.29.1.tgz",
            "integrity": "sha1-sr52n6MZQL6e7qZGnAdeNQBvo9M="
        },
        "node-schedule": {
            "version": "2.1.0",
            "resolved": "https://registry.npmmirror.com/node-schedule/download/node-schedule-2.1.0.tgz",
            "integrity": "sha512-nl4JTiZ7ZQDc97MmpTq9BQjYhq7gOtoh7SiPH069gBFBj0PzD8HI7zyFs6rzqL8Y5tTiEEYLxgtbx034YPrbyQ==",
            "requires": {
                "cron-parser": "^3.5.0",
                "long-timeout": "0.1.1",
                "sorted-array-functions": "^1.3.0"
            }
        },
        "normalize-url": {
            "version": "6.1.0",
            "resolved": "https://registry.nlark.com/normalize-url/download/normalize-url-6.1.0.tgz",
            "integrity": "sha1-QNCIW1Nd7/4/MUe+yHfQX+TFZoo="
        },
        "object-keys": {
            "version": "1.1.1",
            "resolved": "https://registry.nlark.com/object-keys/download/object-keys-1.1.1.tgz",
            "integrity": "sha1-HEfyct8nfzsdrwYWd9nILiMixg4="
        },
        "once": {
            "version": "1.4.0",
            "resolved": "https://registry.npm.taobao.org/once/download/once-1.4.0.tgz",
            "integrity": "sha1-WDsap3WWHUsROsF9nFC6753Xa9E=",
            "requires": {
                "wrappy": "1"
            }
        },
        "p-cancelable": {
            "version": "2.1.1",
            "resolved": "https://registry.nlark.com/p-cancelable/download/p-cancelable-2.1.1.tgz",
            "integrity": "sha1-qrf71BZYL6MqPbSYWcEiSHxe0s8="
        },
        "pump": {
            "version": "3.0.0",
            "resolved": "https://registry.npm.taobao.org/pump/download/pump-3.0.0.tgz",
            "integrity": "sha1-tKIRaBW94vTh6mAjVOjHVWUQemQ=",
            "requires": {
                "end-of-stream": "^1.1.0",
                "once": "^1.3.1"
            }
        },
        "quick-lru": {
            "version": "5.1.1",
            "resolved": "https://registry.npmmirror.com/quick-lru/download/quick-lru-5.1.1.tgz",
            "integrity": "sha1-NmST5rPkKjpoheLpnRj4D7eoyTI="
        },
        "resolve-alpn": {
            "version": "1.2.1",
            "resolved": "https://registry.nlark.com/resolve-alpn/download/resolve-alpn-1.2.1.tgz",
            "integrity": "sha1-t629rDVGqq7CC0Xn2CZZJwcnJvk="
        },
        "responselike": {
            "version": "2.0.0",
            "resolved": "https://registry.nlark.com/responselike/download/responselike-2.0.0.tgz",
            "integrity": "sha1-JjkbzDF091D5p56sxAoSpcQtdyM=",
            "requires": {
                "lowercase-keys": "^2.0.0"
            }
        },
        "sorted-array-functions": {
            "version": "1.3.0",
            "resolved": "https://registry.npm.taobao.org/sorted-array-functions/download/sorted-array-functions-1.3.0.tgz",
            "integrity": "sha1-hgVpVWMpTf+yyXltYCvYRZ96DdU="
        },
        "wrappy": {
            "version": "1.0.2",
            "resolved": "https://registry.nlark.com/wrappy/download/wrappy-1.0.2.tgz?cache=0&sync_timestamp=1619133505879&other_urls=https%3A%2F%2Fregistry.nlark.com%2Fwrappy%2Fdownload%2Fwrappy-1.0.2.tgz",
            "integrity": "sha1-tSQ9jz7BqjXxNkYFvA0QNuMKtp8="
        }
    }
}
